// !$*UTF8*$!
{
	archiveVersion = 1;
	classes = {
	};
	objectVersion = 46;
	objects = {

/* Begin PBXBuildFile section */
		C183F95D1F63EFA500A3E464 /* AppDelegate.swift in Sources */ = {isa = PBXBuildFile; fileRef = C183F95C1F63EFA500A3E464 /* AppDelegate.swift */; };
		C183F95F1F63EFA500A3E464 /* ViewController.swift in Sources */ = {isa = PBXBuildFile; fileRef = C183F95E1F63EFA500A3E464 /* ViewController.swift */; };
		C183F9621F63EFA500A3E464 /* Main.storyboard in Resources */ = {isa = PBXBuildFile; fileRef = C183F9601F63EFA500A3E464 /* Main.storyboard */; };
		C183F9641F63EFA500A3E464 /* Assets.xcassets in Resources */ = {isa = PBXBuildFile; fileRef = C183F9631F63EFA500A3E464 /* Assets.xcassets */; };
		C183F9671F63EFA500A3E464 /* LaunchScreen.storyboard in Resources */ = {isa = PBXBuildFile; fileRef = C183F9651F63EFA500A3E464 /* LaunchScreen.storyboard */; };
		C183F9721F63EFA500A3E464 /* OpenQuizzTests.swift in Sources */ = {isa = PBXBuildFile; fileRef = C183F9711F63EFA500A3E464 /* OpenQuizzTests.swift */; };
		C183F97D1F63EFA500A3E464 /* OpenQuizzUITests.swift in Sources */ = {isa = PBXBuildFile; fileRef = C183F97C1F63EFA500A3E464 /* OpenQuizzUITests.swift */; };
/* End PBXBuildFile section */

/* Begin PBXContainerItemProxy section */
		C183F96E1F63EFA500A3E464 /* PBXContainerItemProxy */ = {
			isa = PBXContainerItemProxy;
			containerPortal = C183F9511F63EFA500A3E464 /* Project object */;
			proxyType = 1;
			remoteGlobalIDString = C183F9581F63EFA500A3E464;
			remoteInfo = OpenQuizz;
		};
		C183F9791F63EFA500A3E464 /* PBXContainerItemProxy */ = {
			isa = PBXContainerItemProxy;
			containerPortal = C183F9511F63EFA500A3E464 /* Project object */;
			proxyType = 1;
			remoteGlobalIDString = C183F9581F63EFA500A3E464;
			remoteInfo = OpenQuizz;
		};
/* End PBXContainerItemProxy section */

/* Begin PBXFileReference section */
		C183F9591F63EFA500A3E464 /* OpenQuizz.app */ = {isa = PBXFileReference; explicitFileType = wrapper.application; includeInIndex = 0; path = OpenQuizz.app; sourceTree = BUILT_PRODUCTS_DIR; };
		C183F95C1F63EFA500A3E464 /* AppDelegate.swift */ = {isa = PBXFileReference; lastKnownFileType = sourcecode.swift; path = AppDelegate.swift; sourceTree = "<group>"; };
		C183F95E1F63EFA500A3E464 /* ViewController.swift */ = {isa = PBXFileReference; lastKnownFileType = sourcecode.swift; path = ViewController.swift; sourceTree = "<group>"; };
		C183F9611F63EFA500A3E464 /* Base */ = {isa = PBXFileReference; lastKnownFileType = file.storyboard; name = Base; path = Base.lproj/Main.storyboard; sourceTree = "<group>"; };
		C183F9631F63EFA500A3E464 /* Assets.xcassets */ = {isa = PBXFileReference; lastKnownFileType = folder.assetcatalog; path = Assets.xcassets; sourceTree = "<group>"; };
		C183F9661F63EFA500A3E464 /* Base */ = {isa = PBXFileReference; lastKnownFileType = file.storyboard; name = Base; path = Base.lproj/LaunchScreen.storyboard; sourceTree = "<group>"; };
		C183F9681F63EFA500A3E464 /* Info.plist */ = {isa = PBXFileReference; lastKnownFileType = text.plist.xml; path = Info.plist; sourceTree = "<group>"; };
		C183F96D1F63EFA500A3E464 /* OpenQuizzTests.xctest */ = {isa = PBXFileReference; explicitFileType = wrapper.cfbundle; includeInIndex = 0; path = OpenQuizzTests.xctest; sourceTree = BUILT_PRODUCTS_DIR; };
		C183F9711F63EFA500A3E464 /* OpenQuizzTests.swift */ = {isa = PBXFileReference; lastKnownFileType = sourcecode.swift; path = OpenQuizzTests.swift; sourceTree = "<group>"; };
		C183F9731F63EFA500A3E464 /* Info.plist */ = {isa = PBXFileReference; lastKnownFileType = text.plist.xml; path = Info.plist; sourceTree = "<group>"; };
		C183F9781F63EFA500A3E464 /* OpenQuizzUITests.xctest */ = {isa = PBXFileReference; explicitFileType = wrapper.cfbundle; includeInIndex = 0; path = OpenQuizzUITests.xctest; sourceTree = BUILT_PRODUCTS_DIR; };
		C183F97C1F63EFA500A3E464 /* OpenQuizzUITests.swift */ = {isa = PBXFileReference; lastKnownFileType = sourcecode.swift; path = OpenQuizzUITests.swift; sourceTree = "<group>"; };
		C183F97E1F63EFA500A3E464 /* Info.plist */ = {isa = PBXFileReference; lastKnownFileType = text.plist.xml; path = Info.plist; sourceTree = "<group>"; };
/* End PBXFileReference section */

/* Begin PBXFrameworksBuildPhase section */
		C183F9561F63EFA500A3E464 /* Frameworks */ = {
			isa = PBXFrameworksBuildPhase;
			buildActionMask = 2147483647;
			files = (
			);
			runOnlyForDeploymentPostprocessing = 0;
		};
		C183F96A1F63EFA500A3E464 /* Frameworks */ = {
			isa = PBXFrameworksBuildPhase;
			buildActionMask = 2147483647;
			files = (
			);
			runOnlyForDeploymentPostprocessing = 0;
		};
		C183F9751F63EFA500A3E464 /* Frameworks */ = {
			isa = PBXFrameworksBuildPhase;
			buildActionMask = 2147483647;
			files = (
			);
			runOnlyForDeploymentPostprocessing = 0;
		};
/* End PBXFrameworksBuildPhase section */

/* Begin PBXGroup section */
		C183F9501F63EFA500A3E464 = {
			isa = PBXGroup;
			children = (
				C183F95B1F63EFA500A3E464 /* OpenQuizz */,
				C183F9701F63EFA500A3E464 /* OpenQuizzTests */,
				C183F97B1F63EFA500A3E464 /* OpenQuizzUITests */,
				C183F95A1F63EFA500A3E464 /* Products */,
			);
			sourceTree = "<group>";
		};
		C183F95A1F63EFA500A3E464 /* Products */ = {
			isa = PBXGroup;
			children = (
				C183F9591F63EFA500A3E464 /* OpenQuizz.app */,
				C183F96D1F63EFA500A3E464 /* OpenQuizzTests.xctest */,
				C183F9781F63EFA500A3E464 /* OpenQuizzUITests.xctest */,
			);
			name = Products;
			sourceTree = "<group>";
		};
		C183F95B1F63EFA500A3E464 /* OpenQuizz */ = {
			isa = PBXGroup;
			children = (
				C183F95C1F63EFA500A3E464 /* AppDelegate.swift */,
				C183F95E1F63EFA500A3E464 /* ViewController.swift */,
				C183F9601F63EFA500A3E464 /* Main.storyboard */,
				C183F9631F63EFA500A3E464 /* Assets.xcassets */,
				C183F9651F63EFA500A3E464 /* LaunchScreen.storyboard */,
				C183F9681F63EFA500A3E464 /* Info.plist */,
			);
			path = OpenQuizz;
			sourceTree = "<group>";
		};
		C183F9701F63EFA500A3E464 /* OpenQuizzTests */ = {
			isa = PBXGroup;
			children = (
				C183F9711F63EFA500A3E464 /* OpenQuizzTests.swift */,
				C183F9731F63EFA500A3E464 /* Info.plist */,
			);
			path = OpenQuizzTests;
			sourceTree = "<group>";
		};
		C183F97B1F63EFA500A3E464 /* OpenQuizzUITests */ = {
			isa = PBXGroup;
			children = (
				C183F97C1F63EFA500A3E464 /* OpenQuizzUITests.swift */,
				C183F97E1F63EFA500A3E464 /* Info.plist */,
			);
			path = OpenQuizzUITests;
			sourceTree = "<group>";
		};
/* End PBXGroup section */

/* Begin PBXNativeTarget section */
		C183F9581F63EFA500A3E464 /* OpenQuizz */ = {
			isa = PBXNativeTarget;
			buildConfigurationList = C183F9811F63EFA500A3E464 /* Build configuration list for PBXNativeTarget "OpenQuizz" */;
			buildPhases = (
				C183F9551F63EFA500A3E464 /* Sources */,
				C183F9561F63EFA500A3E464 /* Frameworks */,
				C183F9571F63EFA500A3E464 /* Resources */,
			);
			buildRules = (
			);
			dependencies = (
			);
			name = OpenQuizz;
			productName = OpenQuizz;
			productReference = C183F9591F63EFA500A3E464 /* OpenQuizz.app */;
			productType = "com.apple.product-type.application";
		};
		C183F96C1F63EFA500A3E464 /* OpenQuizzTests */ = {
			isa = PBXNativeTarget;
			buildConfigurationList = C183F9841F63EFA500A3E464 /* Build configuration list for PBXNativeTarget "OpenQuizzTests" */;
			buildPhases = (
				C183F9691F63EFA500A3E464 /* Sources */,
				C183F96A1F63EFA500A3E464 /* Frameworks */,
				C183F96B1F63EFA500A3E464 /* Resources */,
			);
			buildRules = (
			);
			dependencies = (
				C183F96F1F63EFA500A3E464 /* PBXTargetDependency */,
			);
			name = OpenQuizzTests;
			productName = OpenQuizzTests;
			productReference = C183F96D1F63EFA500A3E464 /* OpenQuizzTests.xctest */;
			productType = "com.apple.product-type.bundle.unit-test";
		};
		C183F9771F63EFA500A3E464 /* OpenQuizzUITests */ = {
			isa = PBXNativeTarget;
			buildConfigurationList = C183F9871F63EFA500A3E464 /* Build configuration list for PBXNativeTarget "OpenQuizzUITests" */;
			buildPhases = (
				C183F9741F63EFA500A3E464 /* Sources */,
				C183F9751F63EFA500A3E464 /* Frameworks */,
				C183F9761F63EFA500A3E464 /* Resources */,
			);
			buildRules = (
			);
			dependencies = (
				C183F97A1F63EFA500A3E464 /* PBXTargetDependency */,
			);
			name = OpenQuizzUITests;
			productName = OpenQuizzUITests;
			productReference = C183F9781F63EFA500A3E464 /* OpenQuizzUITests.xctest */;
			productType = "com.apple.product-type.bundle.ui-testing";
		};
/* End PBXNativeTarget section */

/* Begin PBXProject section */
		C183F9511F63EFA500A3E464 /* Project object */ = {
			isa = PBXProject;
			attributes = {
				LastSwiftUpdateCheck = 0830;
				LastUpgradeCheck = 0830;
				ORGANIZATIONNAME = "christophe milliere";
				TargetAttributes = {
					C183F9581F63EFA500A3E464 = {
						CreatedOnToolsVersion = 8.3.1;
						DevelopmentTeam = ENGLX8LG3W;
						ProvisioningStyle = Automatic;
					};
					C183F96C1F63EFA500A3E464 = {
						CreatedOnToolsVersion = 8.3.1;
						DevelopmentTeam = ENGLX8LG3W;
						ProvisioningStyle = Automatic;
						TestTargetID = C183F9581F63EFA500A3E464;
					};
					C183F9771F63EFA500A3E464 = {
						CreatedOnToolsVersion = 8.3.1;
						DevelopmentTeam = ENGLX8LG3W;
						ProvisioningStyle = Automatic;
						TestTargetID = C183F9581F63EFA500A3E464;
					};
				};
			};
			buildConfigurationList = C183F9541F63EFA500A3E464 /* Build configuration list for PBXProject "OpenQuizz" */;
			compatibilityVersion = "Xcode 3.2";
			developmentRegion = English;
			hasScannedForEncodings = 0;
			knownRegions = (
				en,
				Base,
			);
			mainGroup = C183F9501F63EFA500A3E464;
			productRefGroup = C183F95A1F63EFA500A3E464 /* Products */;
			projectDirPath = "";
			projectRoot = "";
			targets = (
				C183F9581F63EFA500A3E464 /* OpenQuizz */,
				C183F96C1F63EFA500A3E464 /* OpenQuizzTests */,
				C183F9771F63EFA500A3E464 /* OpenQuizzUITests */,
			);
		};
/* End PBXProject section */

/* Begin PBXResourcesBuildPhase section */
		C183F9571F63EFA500A3E464 /* Resources */ = {
			isa = PBXResourcesBuildPhase;
			buildActionMask = 2147483647;
			files = (
				C183F9671F63EFA500A3E464 /* LaunchScreen.storyboard in Resources */,
				C183F9641F63EFA500A3E464 /* Assets.xcassets in Resources */,
				C183F9621F63EFA500A3E464 /* Main.storyboard in Resources */,
			);
			runOnlyForDeploymentPostprocessing = 0;
		};
		C183F96B1F63EFA500A3E464 /* Resources */ = {
			isa = PBXResourcesBuildPhase;
			buildActionMask = 2147483647;
			files = (
			);
			runOnlyForDeploymentPostprocessing = 0;
		};
		C183F9761F63EFA500A3E464 /* Resources */ = {
			isa = PBXResourcesBuildPhase;
			buildActionMask = 2147483647;
			files = (
			);
			runOnlyForDeploymentPostprocessing = 0;
		};
/* End PBXResourcesBuildPhase section */

/* Begin PBXSourcesBuildPhase section */
		C183F9551F63EFA500A3E464 /* Sources */ = {
			isa = PBXSourcesBuildPhase;
			buildActionMask = 2147483647;
			files = (
				C183F95F1F63EFA500A3E464 /* ViewController.swift in Sources */,
				C183F95D1F63EFA500A3E464 /* AppDelegate.swift in Sources */,
			);
			runOnlyForDeploymentPostprocessing = 0;
		};
		C183F9691F63EFA500A3E464 /* Sources */ = {
			isa = PBXSourcesBuildPhase;
			buildActionMask = 2147483647;
			files = (
				C183F9721F63EFA500A3E464 /* OpenQuizzTests.swift in Sources */,
			);
			runOnlyForDeploymentPostprocessing = 0;
		};
		C183F9741F63EFA500A3E464 /* Sources */ = {
			isa = PBXSourcesBuildPhase;
			buildActionMask = 2147483647;
			files = (
				C183F97D1F63EFA500A3E464 /* OpenQuizzUITests.swift in Sources */,
			);
			runOnlyForDeploymentPostprocessing = 0;
		};
/* End PBXSourcesBuildPhase section */

/* Begin PBXTargetDependency section */
		C183F96F1F63EFA500A3E464 /* PBXTargetDependency */ = {
			isa = PBXTargetDependency;
			target = C183F9581F63EFA500A3E464 /* OpenQuizz */;
			targetProxy = C183F96E1F63EFA500A3E464 /* PBXContainerItemProxy */;
		};
		C183F97A1F63EFA500A3E464 /* PBXTargetDependency */ = {
			isa = PBXTargetDependency;
			target = C183F9581F63EFA500A3E464 /* OpenQuizz */;
			targetProxy = C183F9791F63EFA500A3E464 /* PBXContainerItemProxy */;
		};
/* End PBXTargetDependency section */

/* Begin PBXVariantGroup section */
		C183F9601F63EFA500A3E464 /* Main.storyboard */ = {
			isa = PBXVariantGroup;
			children = (
				C183F9611F63EFA500A3E464 /* Base */,
			);
			name = Main.storyboard;
			sourceTree = "<group>";
		};
		C183F9651F63EFA500A3E464 /* LaunchScreen.storyboard */ = {
			isa = PBXVariantGroup;
			children = (
				C183F9661F63EFA500A3E464 /* Base */,
			);
			name = LaunchScreen.storyboard;
			sourceTree = "<group>";
		};
/* End PBXVariantGroup section */

/* Begin XCBuildConfiguration section */
		C183F97F1F63EFA500A3E464 /* Debug */ = {
			isa = XCBuildConfiguration;
			buildSettings = {
				ALWAYS_SEARCH_USER_PATHS = NO;
				CLANG_ANALYZER_NONNULL = YES;
				CLANG_ANALYZER_NUMBER_OBJECT_CONVERSION = YES_AGGRESSIVE;
				CLANG_CXX_LANGUAGE_STANDARD = "gnu++0x";
				CLANG_CXX_LIBRARY = "libc++";
				CLANG_ENABLE_MODULES = YES;
				CLANG_ENABLE_OBJC_ARC = YES;
				CLANG_WARN_BOOL_CONVERSION = YES;
				CLANG_WARN_CONSTANT_CONVERSION = YES;
				CLANG_WARN_DIRECT_OBJC_ISA_USAGE = YES_ERROR;
				CLANG_WARN_DOCUMENTATION_COMMENTS = YES;
				CLANG_WARN_EMPTY_BODY = YES;
				CLANG_WARN_ENUM_CONVERSION = YES;
				CLANG_WARN_INFINITE_RECURSION = YES;
				CLANG_WARN_INT_CONVERSION = YES;
				CLANG_WARN_OBJC_ROOT_CLASS = YES_ERROR;
				CLANG_WARN_SUSPICIOUS_MOVE = YES;
				CLANG_WARN_UNREACHABLE_CODE = YES;
				CLANG_WARN__DUPLICATE_METHOD_MATCH = YES;
				"CODE_SIGN_IDENTITY[sdk=iphoneos*]" = "iPhone Developer";
				COPY_PHASE_STRIP = NO;
				DEBUG_INFORMATION_FORMAT = dwarf;
				ENABLE_STRICT_OBJC_MSGSEND = YES;
				ENABLE_TESTABILITY = YES;
				GCC_C_LANGUAGE_STANDARD = gnu99;
				GCC_DYNAMIC_NO_PIC = NO;
				GCC_NO_COMMON_BLOCKS = YES;
				GCC_OPTIMIZATION_LEVEL = 0;
				GCC_PREPROCESSOR_DEFINITIONS = (
					"DEBUG=1",
					"$(inherited)",
				);
				GCC_WARN_64_TO_32_BIT_CONVERSION = YES;
				GCC_WARN_ABOUT_RETURN_TYPE = YES_ERROR;
				GCC_WARN_UNDECLARED_SELECTOR = YES;
				GCC_WARN_UNINITIALIZED_AUTOS = YES_AGGRESSIVE;
				GCC_WARN_UNUSED_FUNCTION = YES;
				GCC_WARN_UNUSED_VARIABLE = YES;
				IPHONEOS_DEPLOYMENT_TARGET = 10.3;
				MTL_ENABLE_DEBUG_INFO = YES;
				ONLY_ACTIVE_ARCH = YES;
				SDKROOT = iphoneos;
				SWIFT_ACTIVE_COMPILATION_CONDITIONS = DEBUG;
				SWIFT_OPTIMIZATION_LEVEL = "-Onone";
				TARGETED_DEVICE_FAMILY = "1,2";
			};
			name = Debug;
		};
		C183F9801F63EFA500A3E464 /* Release */ = {
			isa = XCBuildConfiguration;
			buildSettings = {
				ALWAYS_SEARCH_USER_PATHS = NO;
				CLANG_ANALYZER_NONNULL = YES;
				CLANG_ANALYZER_NUMBER_OBJECT_CONVERSION = YES_AGGRESSIVE;
				CLANG_CXX_LANGUAGE_STANDARD = "gnu++0x";
				CLANG_CXX_LIBRARY = "libc++";
				CLANG_ENABLE_MODULES = YES;
				CLANG_ENABLE_OBJC_ARC = YES;
				CLANG_WARN_BOOL_CONVERSION = YES;
				CLANG_WARN_CONSTANT_CONVERSION = YES;
				CLANG_WARN_DIRECT_OBJC_ISA_USAGE = YES_ERROR;
				CLANG_WARN_DOCUMENTATION_COMMENTS = YES;
				CLANG_WARN_EMPTY_BODY = YES;
				CLANG_WARN_ENUM_CONVERSION = YES;
				CLANG_WARN_INFINITE_RECURSION = YES;
				CLANG_WARN_INT_CONVERSION = YES;
				CLANG_WARN_OBJC_ROOT_CLASS = YES_ERROR;
				CLANG_WARN_SUSPICIOUS_MOVE = YES;
				CLANG_WARN_UNREACHABLE_CODE = YES;
				CLANG_WARN__DUPLICATE_METHOD_MATCH = YES;
				"CODE_SIGN_IDENTITY[sdk=iphoneos*]" = "iPhone Developer";
				COPY_PHASE_STRIP = NO;
				DEBUG_INFORMATION_FORMAT = "dwarf-with-dsym";
				ENABLE_NS_ASSERTIONS = NO;
				ENABLE_STRICT_OBJC_MSGSEND = YES;
				GCC_C_LANGUAGE_STANDARD = gnu99;
				GCC_NO_COMMON_BLOCKS = YES;
				GCC_WARN_64_TO_32_BIT_CONVERSION = YES;
				GCC_WARN_ABOUT_RETURN_TYPE = YES_ERROR;
				GCC_WARN_UNDECLARED_SELECTOR = YES;
				GCC_WARN_UNINITIALIZED_AUTOS = YES_AGGRESSIVE;
				GCC_WARN_UNUSED_FUNCTION = YES;
				GCC_WARN_UNUSED_VARIABLE = YES;
				IPHONEOS_DEPLOYMENT_TARGET = 10.3;
				MTL_ENABLE_DEBUG_INFO = NO;
				SDKROOT = iphoneos;
				SWIFT_OPTIMIZATION_LEVEL = "-Owholemodule";
				TARGETED_DEVICE_FAMILY = "1,2";
				VALIDATE_PRODUCT = YES;
			};
			name = Release;
		};
		C183F9821F63EFA500A3E464 /* Debug */ = {
			isa = XCBuildConfiguration;
			buildSettings = {
				ASSETCATALOG_COMPILER_APPICON_NAME = AppIcon;
				DEVELOPMENT_TEAM = ENGLX8LG3W;
				INFOPLIST_FILE = OpenQuizz/Info.plist;
				LD_RUNPATH_SEARCH_PATHS = "$(inherited) @executable_path/Frameworks";
				PRODUCT_BUNDLE_IDENTIFIER = fr.christopheMilliere.OpenQuizz;
				PRODUCT_NAME = "$(TARGET_NAME)";
				SWIFT_VERSION = 3.0;
			};
			name = Debug;
		};
		C183F9831F63EFA500A3E464 /* Release */ = {
			isa = XCBuildConfiguration;
			buildSettings = {
				ASSETCATALOG_COMPILER_APPICON_NAME = AppIcon;
				DEVELOPMENT_TEAM = ENGLX8LG3W;
				INFOPLIST_FILE = OpenQuizz/Info.plist;
				LD_RUNPATH_SEARCH_PATHS = "$(inherited) @executable_path/Frameworks";
				PRODUCT_BUNDLE_IDENTIFIER = fr.christopheMilliere.OpenQuizz;
				PRODUCT_NAME = "$(TARGET_NAME)";
				SWIFT_VERSION = 3.0;
			};
			name = Release;
		};
		C183F9851F63EFA500A3E464 /* Debug */ = {
			isa = XCBuildConfiguration;
			buildSettings = {
				ALWAYS_EMBED_SWIFT_STANDARD_LIBRARIES = YES;
				BUNDLE_LOADER = "$(TEST_HOST)";
				DEVELOPMENT_TEAM = ENGLX8LG3W;
				INFOPLIST_FILE = OpenQuizzTests/Info.plist;
				LD_RUNPATH_SEARCH_PATHS = "$(inherited) @executable_path/Frameworks @loader_path/Frameworks";
				PRODUCT_BUNDLE_IDENTIFIER = fr.christopheMilliere.OpenQuizzTests;
				PRODUCT_NAME = "$(TARGET_NAME)";
				SWIFT_VERSION = 3.0;
				TEST_HOST = "$(BUILT_PRODUCTS_DIR)/OpenQuizz.app/OpenQuizz";
			};
			name = Debug;
		};
		C183F9861F63EFA500A3E464 /* Release */ = {
			isa = XCBuildConfiguration;
			buildSettings = {
				ALWAYS_EMBED_SWIFT_STANDARD_LIBRARIES = YES;
				BUNDLE_LOADER = "$(TEST_HOST)";
				DEVELOPMENT_TEAM = ENGLX8LG3W;
				INFOPLIST_FILE = OpenQuizzTests/Info.plist;
				LD_RUNPATH_SEARCH_PATHS = "$(inherited) @executable_path/Frameworks @loader_path/Frameworks";
				PRODUCT_BUNDLE_IDENTIFIER = fr.christopheMilliere.OpenQuizzTests;
				PRODUCT_NAME = "$(TARGET_NAME)";
				SWIFT_VERSION = 3.0;
				TEST_HOST = "$(BUILT_PRODUCTS_DIR)/OpenQuizz.app/OpenQuizz";
			};
			name = Release;
		};
		C183F9881F63EFA500A3E464 /* Debug */ = {
			isa = XCBuildConfiguration;
			buildSettings = {
				ALWAYS_EMBED_SWIFT_STANDARD_LIBRARIES = YES;
				DEVELOPMENT_TEAM = ENGLX8LG3W;
				INFOPLIST_FILE = OpenQuizzUITests/Info.plist;
				LD_RUNPATH_SEARCH_PATHS = "$(inherited) @executable_path/Frameworks @loader_path/Frameworks";
				PRODUCT_BUNDLE_IDENTIFIER = fr.christopheMilliere.OpenQuizzUITests;
				PRODUCT_NAME = "$(TARGET_NAME)";
				SWIFT_VERSION = 3.0;
				TEST_TARGET_NAME = OpenQuizz;
			};
			name = Debug;
		};
		C183F9891F63EFA500A3E464 /* Release */ = {
			isa = XCBuildConfiguration;
			buildSettings = {
				ALWAYS_EMBED_SWIFT_STANDARD_LIBRARIES = YES;
				DEVELOPMENT_TEAM = ENGLX8LG3W;
				INFOPLIST_FILE = OpenQuizzUITests/Info.plist;
				LD_RUNPATH_SEARCH_PATHS = "$(inherited) @executable_path/Frameworks @loader_path/Frameworks";
				PRODUCT_BUNDLE_IDENTIFIER = fr.christopheMilliere.OpenQuizzUITests;
				PRODUCT_NAME = "$(TARGET_NAME)";
				SWIFT_VERSION = 3.0;
				TEST_TARGET_NAME = OpenQuizz;
			};
			name = Release;
		};
/* End XCBuildConfiguration section */

/* Begin XCConfigurationList section */
		C183F9541F63EFA500A3E464 /* Build configuration list for PBXProject "OpenQuizz" */ = {
			isa = XCConfigurationList;
			buildConfigurations = (
				C183F97F1F63EFA500A3E464 /* Debug */,
				C183F9801F63EFA500A3E464 /* Release */,
			);
			defaultConfigurationIsVisible = 0;
			defaultConfigurationName = Release;
		};
		C183F9811F63EFA500A3E464 /* Build configuration list for PBXNativeTarget "OpenQuizz" */ = {
			isa = XCConfigurationList;
			buildConfigurations = (
				C183F9821F63EFA500A3E464 /* Debug */,
				C183F9831F63EFA500A3E464 /* Release */,
			);
			defaultConfigurationIsVisible = 0;
		};
		C183F9841F63EFA500A3E464 /* Build configuration list for PBXNativeTarget "OpenQuizzTests" */ = {
			isa = XCConfigurationList;
			buildConfigurations = (
				C183F9851F63EFA500A3E464 /* Debug */,
				C183F9861F63EFA500A3E464 /* Release */,
			);
			defaultConfigurationIsVisible = 0;
		};
		C183F9871F63EFA500A3E464 /* Build configuration list for PBXNativeTarget "OpenQuizzUITests" */ = {
			isa = XCConfigurationList;
			buildConfigurations = (
				C183F9881F63EFA500A3E464 /* Debug */,
				C183F9891F63EFA500A3E464 /* Release */,
			);
			defaultConfigurationIsVisible = 0;
		};
/* End XCConfigurationList section */
	};
	rootObject = C183F9511F63EFA500A3E464 /* Project object */;
}
